
Microsoft Visual Studio Solution File, Format Version 12.00
# Visual Studio Version 16
VisualStudioVersion = 16.0.31515.178
MinimumVisualStudioVersion = 10.0.40219.1
Project("{FAE04EC0-301F-11D3-BF4B-00C04F79EFBC}") = "Spalvos", "Spalvos.csproj", "{76518540-6477-4812-80B5-E12B92278088}"
EndProject
Global
	GlobalSection(SolutionConfigurationPlatforms) = preSolution
		Debug|Any CPU = Debug|Any CPU
		Release|Any CPU = Release|Any CPU
	EndGlobalSection
	GlobalSection(ProjectConfigurationPlatforms) = postSolution
		{76518540-6477-4812-80B5-E12B92278088}.Debug|Any CPU.ActiveCfg = Debug|Any CPU
		{76518540-6477-4812-80B5-E12B92278088}.Debug|Any CPU.Build.0 = Debug|Any CPU
		{76518540-6477-4812-80B5-E12B92278088}.Release|Any CPU.ActiveCfg = Release|Any CPU
		{76518540-6477-4812-80B5-E12B92278088}.Release|Any CPU.Build.0 = Release|Any CPU
	EndGlobalSection
	GlobalSection(SolutionProperties) = preSolution
		HideSolutionNode = FALSE
	EndGlobalSection
	GlobalSection(ExtensibilityGlobals) = postSolution
		SolutionGuid = {E9D52C91-FB83-4DBD-A046-6045263E1F9C}
	EndGlobalSection
EndGlobal
