
Microsoft Visual Studio Solution File, Format Version 12.00
# Visual Studio Version 16
VisualStudioVersion = 16.0.31515.178
MinimumVisualStudioVersion = 10.0.40219.1
Project("{FAE04EC0-301F-11D3-BF4B-00C04F79EFBC}") = "Kepykla", "Kepykla.csproj", "{170B3E0F-BDE0-44B1-BD3D-2BA39B36920F}"
EndProject
Global
	GlobalSection(SolutionConfigurationPlatforms) = preSolution
		Debug|Any CPU = Debug|Any CPU
		Release|Any CPU = Release|Any CPU
	EndGlobalSection
	GlobalSection(ProjectConfigurationPlatforms) = postSolution
		{170B3E0F-BDE0-44B1-BD3D-2BA39B36920F}.Debug|Any CPU.ActiveCfg = Debug|Any CPU
		{170B3E0F-BDE0-44B1-BD3D-2BA39B36920F}.Debug|Any CPU.Build.0 = Debug|Any CPU
		{170B3E0F-BDE0-44B1-BD3D-2BA39B36920F}.Release|Any CPU.ActiveCfg = Release|Any CPU
		{170B3E0F-BDE0-44B1-BD3D-2BA39B36920F}.Release|Any CPU.Build.0 = Release|Any CPU
	EndGlobalSection
	GlobalSection(SolutionProperties) = preSolution
		HideSolutionNode = FALSE
	EndGlobalSection
	GlobalSection(ExtensibilityGlobals) = postSolution
		SolutionGuid = {F70FB21E-5C45-4871-A59B-BA8C309D91DC}
	EndGlobalSection
EndGlobal
